
Microsoft Visual Studio Solution File, Format Version 12.00
# Visual Studio 2017
Project("{FAE04EC0-301F-11D3-BF4B-00C04F79EFBC}") = "bangbang", "bangbang.csproj", "{623B9C38-C0F2-CD86-F4C3-72A8C4994A66}"
EndProject
Global
	GlobalSection(SolutionConfigurationPlatforms) = preSolution
		Debug|Any CPU = Debug|Any CPU
		Release|Any CPU = Release|Any CPU
	EndGlobalSection
	GlobalSection(ProjectConfigurationPlatforms) = postSolution
		{623B9C38-C0F2-CD86-F4C3-72A8C4994A66}.Debug|Any CPU.ActiveCfg = Debug|Any CPU
		{623B9C38-C0F2-CD86-F4C3-72A8C4994A66}.Debug|Any CPU.Build.0 = Debug|Any CPU
		{623B9C38-C0F2-CD86-F4C3-72A8C4994A66}.Release|Any CPU.ActiveCfg = Release|Any CPU
		{623B9C38-C0F2-CD86-F4C3-72A8C4994A66}.Release|Any CPU.Build.0 = Release|Any CPU
	EndGlobalSection
	GlobalSection(SolutionProperties) = preSolution
		HideSolutionNode = FALSE
	EndGlobalSection
EndGlobal
